<?xml version="1.0" encoding="utf-8"?>
<Project ToolsVersion="4.0" xmlns="http://schemas.microsoft.com/developer/msbuild/2003">
  <ItemGroup>
    <Filter Include="Main Program">
      <UniqueIdentifier>{93995380-89BD-4b04-88EB-625FBE52EBFB}</UniqueIdentifier>
      <Extensions>h;hpp;hxx;hm;inl;inc;xsd</Extensions>
    </Filter>
    <Filter Include="Main Program\Main Header Files">
      <UniqueIdentifier>{7adfbb61-e1e6-4a9b-8a01-6d63a34f9875}</UniqueIdentifier>
    </Filter>
    <Filter Include="Main Program\Main Source Files">
      <UniqueIdentifier>{4FC737F1-C7A5-4376-A066-2A32D752A2FF}</UniqueIdentifier>
      <Extensions>cpp;c;cc;cxx;def;odl;idl;hpj;bat;asm;asmx</Extensions>
    </Filter>
    <Filter Include="Support Libraries">
      <UniqueIdentifier>{0ebad003-3bb1-4bce-87a9-aced070935ac}</UniqueIdentifier>
    </Filter>
    <Filter Include="Support Libraries\R2 Library">
      <UniqueIdentifier>{2221de58-2673-41b2-bb33-0bb15fbc35ee}</UniqueIdentifier>
    </Filter>
    <Filter Include="Support Libraries\R2 Library\R2 Source Files">
      <UniqueIdentifier>{1c9e884f-f738-4721-aa5f-e9b678cb0cf6}</UniqueIdentifier>
    </Filter>
    <Filter Include="Support Libraries\R2 Library\R2 Header Files">
      <UniqueIdentifier>{eef823a8-e5d6-4b3d-ae69-d19e3fe7bdbf}</UniqueIdentifier>
    </Filter>
    <Filter Include="Support Libraries\jpeg Library">
      <UniqueIdentifier>{e5af50a2-4494-4fdd-8fb5-1b87cd47d89b}</UniqueIdentifier>
    </Filter>
    <Filter Include="Support Libraries\jpeg Library\jpeg Header Files">
      <UniqueIdentifier>{415e1151-1ef5-41b2-b83c-08154310b551}</UniqueIdentifier>
    </Filter>
    <Filter Include="Support Libraries\jpeg Library\jpeg Source Files">
      <UniqueIdentifier>{28c77e0d-bdec-4ace-bc55-5a4372b8664a}</UniqueIdentifier>
    </Filter>
    <Filter Include="Support Libraries\R3 Library">
      <UniqueIdentifier>{363e0a78-b580-454e-91be-e740aac082d9}</UniqueIdentifier>
    </Filter>
    <Filter Include="Support Libraries\R3 Library\R3 Header Files">
      <UniqueIdentifier>{6a039a7a-7f1d-40da-98cf-f547969f4e8e}</UniqueIdentifier>
    </Filter>
    <Filter Include="Support Libraries\R3 Library\R3 Source Files">
      <UniqueIdentifier>{cb01fe2c-8b18-4eab-b148-34d910d50c6a}</UniqueIdentifier>
    </Filter>
  </ItemGroup>
  <ItemGroup>
    <ClInclude Include="R3Mesh.h">
      <Filter>Main Program\Main Header Files</Filter>
    </ClInclude>
    <ClInclude Include="R2\R2.h">
      <Filter>Support Libraries\R2 Library\R2 Header Files</Filter>
    </ClInclude>
    <ClInclude Include="R2\R2Distance.h">
      <Filter>Support Libraries\R2 Library\R2 Header Files</Filter>
    </ClInclude>
    <ClInclude Include="R2\R2Image.h">
      <Filter>Support Libraries\R2 Library\R2 Header Files</Filter>
    </ClInclude>
    <ClInclude Include="R2\R2Line.h">
      <Filter>Support Libraries\R2 Library\R2 Header Files</Filter>
    </ClInclude>
    <ClInclude Include="R2\R2Pixel.h">
      <Filter>Support Libraries\R2 Library\R2 Header Files</Filter>
    </ClInclude>
    <ClInclude Include="R2\R2Point.h">
      <Filter>Support Libraries\R2 Library\R2 Header Files</Filter>
    </ClInclude>
    <ClInclude Include="R2\R2Segment.h">
      <Filter>Support Libraries\R2 Library\R2 Header Files</Filter>
    </ClInclude>
    <ClInclude Include="R2\R2Vector.h">
      <Filter>Support Libraries\R2 Library\R2 Header Files</Filter>
    </ClInclude>
    <ClInclude Include="jpeg\jchuff.h">
      <Filter>Support Libraries\jpeg Library\jpeg Header Files</Filter>
    </ClInclude>
    <ClInclude Include="jpeg\jconfig.h">
      <Filter>Support Libraries\jpeg Library\jpeg Header Files</Filter>
    </ClInclude>
    <ClInclude Include="jpeg\jdct.h">
      <Filter>Support Libraries\jpeg Library\jpeg Header Files</Filter>
    </ClInclude>
    <ClInclude Include="jpeg\jdhuff.h">
      <Filter>Support Libraries\jpeg Library\jpeg Header Files</Filter>
    </ClInclude>
    <ClInclude Include="jpeg\jerror.h">
      <Filter>Support Libraries\jpeg Library\jpeg Header Files</Filter>
    </ClInclude>
    <ClInclude Include="jpeg\jinclude.h">
      <Filter>Support Libraries\jpeg Library\jpeg Header Files</Filter>
    </ClInclude>
    <ClInclude Include="jpeg\jmemsys.h">
      <Filter>Support Libraries\jpeg Library\jpeg Header Files</Filter>
    </ClInclude>
    <ClInclude Include="jpeg\jmorecfg.h">
      <Filter>Support Libraries\jpeg Library\jpeg Header Files</Filter>
    </ClInclude>
    <ClInclude Include="jpeg\jpegint.h">
      <Filter>Support Libraries\jpeg Library\jpeg Header Files</Filter>
    </ClInclude>
    <ClInclude Include="jpeg\jpeglib.h">
      <Filter>Support Libraries\jpeg Library\jpeg Header Files</Filter>
    </ClInclude>
    <ClInclude Include="jpeg\jversion.h">
      <Filter>Support Libraries\jpeg Library\jpeg Header Files</Filter>
    </ClInclude>
    <ClInclude Include="R3\R3.h">
      <Filter>Support Libraries\R3 Library\R3 Header Files</Filter>
    </ClInclude>
    <ClInclude Include="R3\R3Box.h">
      <Filter>Support Libraries\R3 Library\R3 Header Files</Filter>
    </ClInclude>
    <ClInclude Include="R3\R3Distance.h">
      <Filter>Support Libraries\R3 Library\R3 Header Files</Filter>
    </ClInclude>
    <ClInclude Include="R3\R3Line.h">
      <Filter>Support Libraries\R3 Library\R3 Header Files</Filter>
    </ClInclude>
    <ClInclude Include="R3\R3Matrix.h">
      <Filter>Support Libraries\R3 Library\R3 Header Files</Filter>
    </ClInclude>
    <ClInclude Include="R3\R3Plane.h">
      <Filter>Support Libraries\R3 Library\R3 Header Files</Filter>
    </ClInclude>
    <ClInclude Include="R3\R3Point.h">
      <Filter>Support Libraries\R3 Library\R3 Header Files</Filter>
    </ClInclude>
    <ClInclude Include="R3\R3Ray.h">
      <Filter>Support Libraries\R3 Library\R3 Header Files</Filter>
    </ClInclude>
    <ClInclude Include="R3\R3Segment.h">
      <Filter>Support Libraries\R3 Library\R3 Header Files</Filter>
    </ClInclude>
    <ClInclude Include="R3\R3Vector.h">
      <Filter>Support Libraries\R3 Library\R3 Header Files</Filter>
    </ClInclude>
  </ItemGroup>
  <ItemGroup>
    <ClCompile Include="meshpro.cpp">
      <Filter>Main Program\Main Source Files</Filter>
    </ClCompile>
    <ClCompile Include="R3Mesh.cpp">
      <Filter>Main Program\Main Source Files</Filter>
    </ClCompile>
    <ClCompile Include="R2\R2Distance.cpp">
      <Filter>Support Libraries\R2 Library\R2 Source Files</Filter>
    </ClCompile>
    <ClCompile Include="R2\R2Image.cpp">
      <Filter>Support Libraries\R2 Library\R2 Source Files</Filter>
    </ClCompile>
    <ClCompile Include="R2\R2Line.cpp">
      <Filter>Support Libraries\R2 Library\R2 Source Files</Filter>
    </ClCompile>
    <ClCompile Include="R2\R2Pixel.cpp">
      <Filter>Support Libraries\R2 Library\R2 Source Files</Filter>
    </ClCompile>
    <ClCompile Include="R2\R2Point.cpp">
      <Filter>Support Libraries\R2 Library\R2 Source Files</Filter>
    </ClCompile>
    <ClCompile Include="R2\R2Segment.cpp">
      <Filter>Support Libraries\R2 Library\R2 Source Files</Filter>
    </ClCompile>
    <ClCompile Include="R2\R2Vector.cpp">
      <Filter>Support Libraries\R2 Library\R2 Source Files</Filter>
    </ClCompile>
    <ClCompile Include="jpeg\jcapimin.c">
      <Filter>Support Libraries\jpeg Library\jpeg Source Files</Filter>
    </ClCompile>
    <ClCompile Include="jpeg\jcapistd.c">
      <Filter>Support Libraries\jpeg Library\jpeg Source Files</Filter>
    </ClCompile>
    <ClCompile Include="jpeg\jccoefct.c">
      <Filter>Support Libraries\jpeg Library\jpeg Source Files</Filter>
    </ClCompile>
    <ClCompile Include="jpeg\jccolor.c">
      <Filter>Support Libraries\jpeg Library\jpeg Source Files</Filter>
    </ClCompile>
    <ClCompile Include="jpeg\jcdctmgr.c">
      <Filter>Support Libraries\jpeg Library\jpeg Source Files</Filter>
    </ClCompile>
    <ClCompile Include="jpeg\jchuff.c">
      <Filter>Support Libraries\jpeg Library\jpeg Source Files</Filter>
    </ClCompile>
    <ClCompile Include="jpeg\jcinit.c">
      <Filter>Support Libraries\jpeg Library\jpeg Source Files</Filter>
    </ClCompile>
    <ClCompile Include="jpeg\jcmainct.c">
      <Filter>Support Libraries\jpeg Library\jpeg Source Files</Filter>
    </ClCompile>
    <ClCompile Include="jpeg\jcmarker.c">
      <Filter>Support Libraries\jpeg Library\jpeg Source Files</Filter>
    </ClCompile>
    <ClCompile Include="jpeg\jcmaster.c">
      <Filter>Support Libraries\jpeg Library\jpeg Source Files</Filter>
    </ClCompile>
    <ClCompile Include="jpeg\jcomapi.c">
      <Filter>Support Libraries\jpeg Library\jpeg Source Files</Filter>
    </ClCompile>
    <ClCompile Include="jpeg\jcparam.c">
      <Filter>Support Libraries\jpeg Library\jpeg Source Files</Filter>
    </ClCompile>
    <ClCompile Include="jpeg\jcphuff.c">
      <Filter>Support Libraries\jpeg Library\jpeg Source Files</Filter>
    </ClCompile>
    <ClCompile Include="jpeg\jcprepct.c">
      <Filter>Support Libraries\jpeg Library\jpeg Source Files</Filter>
    </ClCompile>
    <ClCompile Include="jpeg\jcsample.c">
      <Filter>Support Libraries\jpeg Library\jpeg Source Files</Filter>
    </ClCompile>
    <ClCompile Include="jpeg\jctrans.c">
      <Filter>Support Libraries\jpeg Library\jpeg Source Files</Filter>
    </ClCompile>
    <ClCompile Include="jpeg\jdapimin.c">
      <Filter>Support Libraries\jpeg Library\jpeg Source Files</Filter>
    </ClCompile>
    <ClCompile Include="jpeg\jdapistd.c">
      <Filter>Support Libraries\jpeg Library\jpeg Source Files</Filter>
    </ClCompile>
    <ClCompile Include="jpeg\jdatadst.c">
      <Filter>Support Libraries\jpeg Library\jpeg Source Files</Filter>
    </ClCompile>
    <ClCompile Include="jpeg\jdatasrc.c">
      <Filter>Support Libraries\jpeg Library\jpeg Source Files</Filter>
    </ClCompile>
    <ClCompile Include="jpeg\jdcoefct.c">
      <Filter>Support Libraries\jpeg Library\jpeg Source Files</Filter>
    </ClCompile>
    <ClCompile Include="jpeg\jdcolor.c">
      <Filter>Support Libraries\jpeg Library\jpeg Source Files</Filter>
    </ClCompile>
    <ClCompile Include="jpeg\jddctmgr.c">
      <Filter>Support Libraries\jpeg Library\jpeg Source Files</Filter>
    </ClCompile>
    <ClCompile Include="jpeg\jdhuff.c">
      <Filter>Support Libraries\jpeg Library\jpeg Source Files</Filter>
    </ClCompile>
    <ClCompile Include="jpeg\jdinput.c">
      <Filter>Support Libraries\jpeg Library\jpeg Source Files</Filter>
    </ClCompile>
    <ClCompile Include="jpeg\jdmainct.c">
      <Filter>Support Libraries\jpeg Library\jpeg Source Files</Filter>
    </ClCompile>
    <ClCompile Include="jpeg\jdmarker.c">
      <Filter>Support Libraries\jpeg Library\jpeg Source Files</Filter>
    </ClCompile>
    <ClCompile Include="jpeg\jdmaster.c">
      <Filter>Support Libraries\jpeg Library\jpeg Source Files</Filter>
    </ClCompile>
    <ClCompile Include="jpeg\jdmerge.c">
      <Filter>Support Libraries\jpeg Library\jpeg Source Files</Filter>
    </ClCompile>
    <ClCompile Include="jpeg\jdphuff.c">
      <Filter>Support Libraries\jpeg Library\jpeg Source Files</Filter>
    </ClCompile>
    <ClCompile Include="jpeg\jdpostct.c">
      <Filter>Support Libraries\jpeg Library\jpeg Source Files</Filter>
    </ClCompile>
    <ClCompile Include="jpeg\jdsample.c">
      <Filter>Support Libraries\jpeg Library\jpeg Source Files</Filter>
    </ClCompile>
    <ClCompile Include="jpeg\jdtrans.c">
      <Filter>Support Libraries\jpeg Library\jpeg Source Files</Filter>
    </ClCompile>
    <ClCompile Include="jpeg\jerror.c">
      <Filter>Support Libraries\jpeg Library\jpeg Source Files</Filter>
    </ClCompile>
    <ClCompile Include="jpeg\jfdctflt.c">
      <Filter>Support Libraries\jpeg Library\jpeg Source Files</Filter>
    </ClCompile>
    <ClCompile Include="jpeg\jfdctfst.c">
      <Filter>Support Libraries\jpeg Library\jpeg Source Files</Filter>
    </ClCompile>
    <ClCompile Include="jpeg\jfdctint.c">
      <Filter>Support Libraries\jpeg Library\jpeg Source Files</Filter>
    </ClCompile>
    <ClCompile Include="jpeg\jidctflt.c">
      <Filter>Support Libraries\jpeg Library\jpeg Source Files</Filter>
    </ClCompile>
    <ClCompile Include="jpeg\jidctfst.c">
      <Filter>Support Libraries\jpeg Library\jpeg Source Files</Filter>
    </ClCompile>
    <ClCompile Include="jpeg\jidctint.c">
      <Filter>Support Libraries\jpeg Library\jpeg Source Files</Filter>
    </ClCompile>
    <ClCompile Include="jpeg\jidctred.c">
      <Filter>Support Libraries\jpeg Library\jpeg Source Files</Filter>
    </ClCompile>
    <ClCompile Include="jpeg\jmemmgr.c">
      <Filter>Support Libraries\jpeg Library\jpeg Source Files</Filter>
    </ClCompile>
    <ClCompile Include="jpeg\jmemnobs.c">
      <Filter>Support Libraries\jpeg Library\jpeg Source Files</Filter>
    </ClCompile>
    <ClCompile Include="jpeg\jquant1.c">
      <Filter>Support Libraries\jpeg Library\jpeg Source Files</Filter>
    </ClCompile>
    <ClCompile Include="jpeg\jquant2.c">
      <Filter>Support Libraries\jpeg Library\jpeg Source Files</Filter>
    </ClCompile>
    <ClCompile Include="jpeg\jutils.c">
      <Filter>Support Libraries\jpeg Library\jpeg Source Files</Filter>
    </ClCompile>
    <ClCompile Include="R3\R3Box.cpp">
      <Filter>Support Libraries\R3 Library\R3 Source Files</Filter>
    </ClCompile>
    <ClCompile Include="R3\R3Distance.cpp">
      <Filter>Support Libraries\R3 Library\R3 Source Files</Filter>
    </ClCompile>
    <ClCompile Include="R3\R3Line.cpp">
      <Filter>Support Libraries\R3 Library\R3 Source Files</Filter>
    </ClCompile>
    <ClCompile Include="R3\R3Matrix.cpp">
      <Filter>Support Libraries\R3 Library\R3 Source Files</Filter>
    </ClCompile>
    <ClCompile Include="R3\R3Plane.cpp">
      <Filter>Support Libraries\R3 Library\R3 Source Files</Filter>
    </ClCompile>
    <ClCompile Include="R3\R3Point.cpp">
      <Filter>Support Libraries\R3 Library\R3 Source Files</Filter>
    </ClCompile>
    <ClCompile Include="R3\R3Ray.cpp">
      <Filter>Support Libraries\R3 Library\R3 Source Files</Filter>
    </ClCompile>
    <ClCompile Include="R3\R3Segment.cpp">
      <Filter>Support Libraries\R3 Library\R3 Source Files</Filter>
    </ClCompile>
    <ClCompile Include="R3\R3Vector.cpp">
      <Filter>Support Libraries\R3 Library\R3 Source Files</Filter>
    </ClCompile>
  </ItemGroup>
</Project>