
Microsoft Visual Studio Solution File, Format Version 11.00
# Visual C++ Express 2010
Project("{8BC9CEB8-8B4A-11D0-8D11-00A0C91BC942}") = "meshpro", "meshpro.vcxproj", "{97451871-161B-4C75-9EDE-C15518F67476}"
EndProject
Project("{8BC9CEB8-8B4A-11D0-8D11-00A0C91BC942}") = "meshview", "meshview.vcxproj", "{5EA52AC7-1595-497C-8CF3-3894CFC2A493}"
	ProjectSection(ProjectDependencies) = postProject
		{97451871-161B-4C75-9EDE-C15518F67476} = {97451871-161B-4C75-9EDE-C15518F67476}
	EndProjectSection
EndProject
Global
	GlobalSection(SolutionConfigurationPlatforms) = preSolution
		Debug|Win32 = Debug|Win32
		Release|Win32 = Release|Win32
	EndGlobalSection
	GlobalSection(ProjectConfigurationPlatforms) = postSolution
		{97451871-161B-4C75-9EDE-C15518F67476}.Debug|Win32.ActiveCfg = Debug|Win32
		{97451871-161B-4C75-9EDE-C15518F67476}.Debug|Win32.Build.0 = Debug|Win32
		{97451871-161B-4C75-9EDE-C15518F67476}.Release|Win32.ActiveCfg = Release|Win32
		{97451871-161B-4C75-9EDE-C15518F67476}.Release|Win32.Build.0 = Release|Win32
		{5EA52AC7-1595-497C-8CF3-3894CFC2A493}.Debug|Win32.ActiveCfg = Debug|Win32
		{5EA52AC7-1595-497C-8CF3-3894CFC2A493}.Debug|Win32.Build.0 = Debug|Win32
		{5EA52AC7-1595-497C-8CF3-3894CFC2A493}.Release|Win32.ActiveCfg = Release|Win32
		{5EA52AC7-1595-497C-8CF3-3894CFC2A493}.Release|Win32.Build.0 = Release|Win32
	EndGlobalSection
	GlobalSection(SolutionProperties) = preSolution
		HideSolutionNode = FALSE
	EndGlobalSection
EndGlobal
